
Microsoft Visual Studio Solution File, Format Version 12.00
Project("{FAE04EC0-301F-11D3-BF4B-00C04F79EFBC}") = "1.HelloWorld", "1.HelloWorld\1.HelloWorld.csproj", "{674EB4D5-317B-4ABA-8456-9341AF0113FC}"
EndProject
Project("{FAE04EC0-301F-11D3-BF4B-00C04F79EFBC}") = "2.Calculator", "2.Calculator\2.Calculator.csproj", "{9A859A4B-C476-4449-905B-28D2EBCD3052}"
EndProject
Project("{FAE04EC0-301F-11D3-BF4B-00C04F79EFBC}") = "3.EvenOrOdd", "3.EvenOrOdd\3.EvenOrOdd.csproj", "{8B57BB03-5DC9-4F93-8B58-2F006FC6C66D}"
EndProject
Project("{FAE04EC0-301F-11D3-BF4B-00C04F79EFBC}") = "4.AgeCalculator", "4.AgeCalculator\4.AgeCalculator.csproj", "{2A155D87-F0F2-4884-94E3-8B5476C6AF76}"
EndProject
Project("{FAE04EC0-301F-11D3-BF4B-00C04F79EFBC}") = "5.Countdown", "5.Countdown\5.Countdown.csproj", "{426771D2-9A8D-4039-AA60-9A8E5951BDE3}"
EndProject
Project("{FAE04EC0-301F-11D3-BF4B-00C04F79EFBC}") = "6.MultTable", "6.MultTable\6.MultTable.csproj", "{3DA480FC-645D-496D-ACF8-4BE6CCBE8B66}"
EndProject
Project("{FAE04EC0-301F-11D3-BF4B-00C04F79EFBC}") = "8.Greet", "8.Greet\8.Greet.csproj", "{EAFFAA2F-3A0E-4B15-9165-298659138B43}"
EndProject
Project("{FAE04EC0-301F-11D3-BF4B-00C04F79EFBC}") = "7.TempConverter", "7.TempConverter\7.TempConverter.csproj", "{15A078A0-9449-4448-A9B6-2497BECF7A85}"
EndProject
Project("{FAE04EC0-301F-11D3-BF4B-00C04F79EFBC}") = "9.Factorial", "9.Factorial\9.Factorial.csproj", "{2F053E84-1CC4-4D6C-A1E8-88F842932582}"
EndProject
Project("{FAE04EC0-301F-11D3-BF4B-00C04F79EFBC}") = "10.Reverse", "10.Reverse\10.Reverse.csproj", "{47620A37-416D-4514-9BAC-9FAE6E68ECFE}"
EndProject
Project("{FAE04EC0-301F-11D3-BF4B-00C04F79EFBC}") = "11.MinMax", "11.MinMax\11.MinMax.csproj", "{B766737E-A7AC-4B68-9C9E-02A0E9183A6E}"
EndProject
Project("{FAE04EC0-301F-11D3-BF4B-00C04F79EFBC}") = "13.WordCounter", "13.WordCounter\13.WordCounter.csproj", "{FE1930FA-0E00-46B0-8D4F-4F203A64F97E}"
EndProject
Project("{FAE04EC0-301F-11D3-BF4B-00C04F79EFBC}") = "14.CountLetters", "14.CountLetters\14.CountLetters.csproj", "{158FE18E-9FF2-432E-B3A6-FABFC25E50F7}"
EndProject
Project("{FAE04EC0-301F-11D3-BF4B-00C04F79EFBC}") = "15.RandomNumber", "15.RandomNumber\15.RandomNumber.csproj", "{0B8F2FFA-F14B-4A04-92FE-4D64D25E9D75}"
EndProject
Project("{FAE04EC0-301F-11D3-BF4B-00C04F79EFBC}") = "16.Palindrome", "16.Palindrome\16.Palindrome.csproj", "{4AAFC5DA-BDFA-4284-ACA7-03F354248445}"
EndProject
Project("{FAE04EC0-301F-11D3-BF4B-00C04F79EFBC}") = "17.PasswordGenerator", "17.PasswordGenerator\17.PasswordGenerator.csproj", "{31CD200F-2C48-462D-B848-1FF823BDA062}"
EndProject
Project("{FAE04EC0-301F-11D3-BF4B-00C04F79EFBC}") = "18.ArraySearch", "18.ArraySearch\18.ArraySearch.csproj", "{1F68B8BD-D094-4DED-A6FC-6041C544F742}"
EndProject
Project("{FAE04EC0-301F-11D3-BF4B-00C04F79EFBC}") = "20.Fibonacci", "20.Fibonacci\20.Fibonacci.csproj", "{A52B0BC6-D780-4C49-8FEF-0BC758FD6FB3}"
EndProject
Project("{FAE04EC0-301F-11D3-BF4B-00C04F79EFBC}") = "21.PrimeNumbers", "21.PrimeNumbers\21.PrimeNumbers.csproj", "{DF188B02-A9FD-4354-B721-533397D8E944}"
EndProject
Project("{FAE04EC0-301F-11D3-BF4B-00C04F79EFBC}") = "25.ShapesArea", "25.ShapesArea\25.ShapesArea.csproj", "{CD420700-F339-4F01-81F8-E8AEBCF9EE43}"
EndProject
Project("{FAE04EC0-301F-11D3-BF4B-00C04F79EFBC}") = "26.Sort", "26.Sort\26.Sort.csproj", "{C97EEBE6-C90B-4850-8265-B9E1B295C10D}"
EndProject
Project("{FAE04EC0-301F-11D3-BF4B-00C04F79EFBC}") = "23.Quiz", "23.Quiz\23.Quiz.csproj", "{826A7665-7359-41E9-A556-80BD67A538B8}"
EndProject
Project("{FAE04EC0-301F-11D3-BF4B-00C04F79EFBC}") = "12.Notes", "12.Notes\12.Notes.csproj", "{8EFB4992-3A0E-4AA0-A782-9A23C933A0A8}"
EndProject
Project("{FAE04EC0-301F-11D3-BF4B-00C04F79EFBC}") = "19.SimpleATM", "19.SimpleATM\19.SimpleATM.csproj", "{06FFC763-AE73-4C05-977B-60DFCAA46A98}"
EndProject
Project("{FAE04EC0-301F-11D3-BF4B-00C04F79EFBC}") = "22.StudentGrade", "22.StudentGrade\22.StudentGrade.csproj", "{2CAB33ED-A931-473D-9EA5-1192BA1AA52F}"
EndProject
Project("{FAE04EC0-301F-11D3-BF4B-00C04F79EFBC}") = "24.RockPaperSci", "24.RockPaperSci\24.RockPaperSci.csproj", "{D1DC028B-74F8-4F3A-983A-6DAA67EFFABC}"
EndProject
Project("{FAE04EC0-301F-11D3-BF4B-00C04F79EFBC}") = "27.Login", "27.Login\27.Login.csproj", "{47985310-E7F1-4FE0-BA79-72AE07B2F78D}"
EndProject
Project("{FAE04EC0-301F-11D3-BF4B-00C04F79EFBC}") = "28.ReadFile", "28.ReadFile\28.ReadFile.csproj", "{55A3D76F-4CDD-4688-A0D4-EAC4393B9F05}"
EndProject
Project("{FAE04EC0-301F-11D3-BF4B-00C04F79EFBC}") = "29.WriteFile", "29.WriteFile\29.WriteFile.csproj", "{6870AE66-FCDE-4B4A-B254-8E179BAD075F}"
EndProject
Project("{FAE04EC0-301F-11D3-BF4B-00C04F79EFBC}") = "30.JSON", "30.JSON\30.JSON.csproj", "{0CC07CA3-385F-4AA8-8DE2-EA9FFE9DD6A0}"
EndProject
Global
	GlobalSection(SolutionConfigurationPlatforms) = preSolution
		Debug|Any CPU = Debug|Any CPU
		Release|Any CPU = Release|Any CPU
	EndGlobalSection
	GlobalSection(ProjectConfigurationPlatforms) = postSolution
		{674EB4D5-317B-4ABA-8456-9341AF0113FC}.Debug|Any CPU.ActiveCfg = Debug|Any CPU
		{674EB4D5-317B-4ABA-8456-9341AF0113FC}.Debug|Any CPU.Build.0 = Debug|Any CPU
		{674EB4D5-317B-4ABA-8456-9341AF0113FC}.Release|Any CPU.ActiveCfg = Release|Any CPU
		{674EB4D5-317B-4ABA-8456-9341AF0113FC}.Release|Any CPU.Build.0 = Release|Any CPU
		{9A859A4B-C476-4449-905B-28D2EBCD3052}.Debug|Any CPU.ActiveCfg = Debug|Any CPU
		{9A859A4B-C476-4449-905B-28D2EBCD3052}.Debug|Any CPU.Build.0 = Debug|Any CPU
		{9A859A4B-C476-4449-905B-28D2EBCD3052}.Release|Any CPU.ActiveCfg = Release|Any CPU
		{9A859A4B-C476-4449-905B-28D2EBCD3052}.Release|Any CPU.Build.0 = Release|Any CPU
		{8B57BB03-5DC9-4F93-8B58-2F006FC6C66D}.Debug|Any CPU.ActiveCfg = Debug|Any CPU
		{8B57BB03-5DC9-4F93-8B58-2F006FC6C66D}.Debug|Any CPU.Build.0 = Debug|Any CPU
		{8B57BB03-5DC9-4F93-8B58-2F006FC6C66D}.Release|Any CPU.ActiveCfg = Release|Any CPU
		{8B57BB03-5DC9-4F93-8B58-2F006FC6C66D}.Release|Any CPU.Build.0 = Release|Any CPU
		{2A155D87-F0F2-4884-94E3-8B5476C6AF76}.Debug|Any CPU.ActiveCfg = Debug|Any CPU
		{2A155D87-F0F2-4884-94E3-8B5476C6AF76}.Debug|Any CPU.Build.0 = Debug|Any CPU
		{2A155D87-F0F2-4884-94E3-8B5476C6AF76}.Release|Any CPU.ActiveCfg = Release|Any CPU
		{2A155D87-F0F2-4884-94E3-8B5476C6AF76}.Release|Any CPU.Build.0 = Release|Any CPU
		{426771D2-9A8D-4039-AA60-9A8E5951BDE3}.Debug|Any CPU.ActiveCfg = Debug|Any CPU
		{426771D2-9A8D-4039-AA60-9A8E5951BDE3}.Debug|Any CPU.Build.0 = Debug|Any CPU
		{426771D2-9A8D-4039-AA60-9A8E5951BDE3}.Release|Any CPU.ActiveCfg = Release|Any CPU
		{426771D2-9A8D-4039-AA60-9A8E5951BDE3}.Release|Any CPU.Build.0 = Release|Any CPU
		{3DA480FC-645D-496D-ACF8-4BE6CCBE8B66}.Debug|Any CPU.ActiveCfg = Debug|Any CPU
		{3DA480FC-645D-496D-ACF8-4BE6CCBE8B66}.Debug|Any CPU.Build.0 = Debug|Any CPU
		{3DA480FC-645D-496D-ACF8-4BE6CCBE8B66}.Release|Any CPU.ActiveCfg = Release|Any CPU
		{3DA480FC-645D-496D-ACF8-4BE6CCBE8B66}.Release|Any CPU.Build.0 = Release|Any CPU
		{EAFFAA2F-3A0E-4B15-9165-298659138B43}.Debug|Any CPU.ActiveCfg = Debug|Any CPU
		{EAFFAA2F-3A0E-4B15-9165-298659138B43}.Debug|Any CPU.Build.0 = Debug|Any CPU
		{EAFFAA2F-3A0E-4B15-9165-298659138B43}.Release|Any CPU.ActiveCfg = Release|Any CPU
		{EAFFAA2F-3A0E-4B15-9165-298659138B43}.Release|Any CPU.Build.0 = Release|Any CPU
		{15A078A0-9449-4448-A9B6-2497BECF7A85}.Debug|Any CPU.ActiveCfg = Debug|Any CPU
		{15A078A0-9449-4448-A9B6-2497BECF7A85}.Debug|Any CPU.Build.0 = Debug|Any CPU
		{15A078A0-9449-4448-A9B6-2497BECF7A85}.Release|Any CPU.ActiveCfg = Release|Any CPU
		{15A078A0-9449-4448-A9B6-2497BECF7A85}.Release|Any CPU.Build.0 = Release|Any CPU
		{2F053E84-1CC4-4D6C-A1E8-88F842932582}.Debug|Any CPU.ActiveCfg = Debug|Any CPU
		{2F053E84-1CC4-4D6C-A1E8-88F842932582}.Debug|Any CPU.Build.0 = Debug|Any CPU
		{2F053E84-1CC4-4D6C-A1E8-88F842932582}.Release|Any CPU.ActiveCfg = Release|Any CPU
		{2F053E84-1CC4-4D6C-A1E8-88F842932582}.Release|Any CPU.Build.0 = Release|Any CPU
		{47620A37-416D-4514-9BAC-9FAE6E68ECFE}.Debug|Any CPU.ActiveCfg = Debug|Any CPU
		{47620A37-416D-4514-9BAC-9FAE6E68ECFE}.Debug|Any CPU.Build.0 = Debug|Any CPU
		{47620A37-416D-4514-9BAC-9FAE6E68ECFE}.Release|Any CPU.ActiveCfg = Release|Any CPU
		{47620A37-416D-4514-9BAC-9FAE6E68ECFE}.Release|Any CPU.Build.0 = Release|Any CPU
		{B766737E-A7AC-4B68-9C9E-02A0E9183A6E}.Debug|Any CPU.ActiveCfg = Debug|Any CPU
		{B766737E-A7AC-4B68-9C9E-02A0E9183A6E}.Debug|Any CPU.Build.0 = Debug|Any CPU
		{B766737E-A7AC-4B68-9C9E-02A0E9183A6E}.Release|Any CPU.ActiveCfg = Release|Any CPU
		{B766737E-A7AC-4B68-9C9E-02A0E9183A6E}.Release|Any CPU.Build.0 = Release|Any CPU
		{FE1930FA-0E00-46B0-8D4F-4F203A64F97E}.Debug|Any CPU.ActiveCfg = Debug|Any CPU
		{FE1930FA-0E00-46B0-8D4F-4F203A64F97E}.Debug|Any CPU.Build.0 = Debug|Any CPU
		{FE1930FA-0E00-46B0-8D4F-4F203A64F97E}.Release|Any CPU.ActiveCfg = Release|Any CPU
		{FE1930FA-0E00-46B0-8D4F-4F203A64F97E}.Release|Any CPU.Build.0 = Release|Any CPU
		{158FE18E-9FF2-432E-B3A6-FABFC25E50F7}.Debug|Any CPU.ActiveCfg = Debug|Any CPU
		{158FE18E-9FF2-432E-B3A6-FABFC25E50F7}.Debug|Any CPU.Build.0 = Debug|Any CPU
		{158FE18E-9FF2-432E-B3A6-FABFC25E50F7}.Release|Any CPU.ActiveCfg = Release|Any CPU
		{158FE18E-9FF2-432E-B3A6-FABFC25E50F7}.Release|Any CPU.Build.0 = Release|Any CPU
		{0B8F2FFA-F14B-4A04-92FE-4D64D25E9D75}.Debug|Any CPU.ActiveCfg = Debug|Any CPU
		{0B8F2FFA-F14B-4A04-92FE-4D64D25E9D75}.Debug|Any CPU.Build.0 = Debug|Any CPU
		{0B8F2FFA-F14B-4A04-92FE-4D64D25E9D75}.Release|Any CPU.ActiveCfg = Release|Any CPU
		{0B8F2FFA-F14B-4A04-92FE-4D64D25E9D75}.Release|Any CPU.Build.0 = Release|Any CPU
		{4AAFC5DA-BDFA-4284-ACA7-03F354248445}.Debug|Any CPU.ActiveCfg = Debug|Any CPU
		{4AAFC5DA-BDFA-4284-ACA7-03F354248445}.Debug|Any CPU.Build.0 = Debug|Any CPU
		{4AAFC5DA-BDFA-4284-ACA7-03F354248445}.Release|Any CPU.ActiveCfg = Release|Any CPU
		{4AAFC5DA-BDFA-4284-ACA7-03F354248445}.Release|Any CPU.Build.0 = Release|Any CPU
		{31CD200F-2C48-462D-B848-1FF823BDA062}.Debug|Any CPU.ActiveCfg = Debug|Any CPU
		{31CD200F-2C48-462D-B848-1FF823BDA062}.Debug|Any CPU.Build.0 = Debug|Any CPU
		{31CD200F-2C48-462D-B848-1FF823BDA062}.Release|Any CPU.ActiveCfg = Release|Any CPU
		{31CD200F-2C48-462D-B848-1FF823BDA062}.Release|Any CPU.Build.0 = Release|Any CPU
		{1F68B8BD-D094-4DED-A6FC-6041C544F742}.Debug|Any CPU.ActiveCfg = Debug|Any CPU
		{1F68B8BD-D094-4DED-A6FC-6041C544F742}.Debug|Any CPU.Build.0 = Debug|Any CPU
		{1F68B8BD-D094-4DED-A6FC-6041C544F742}.Release|Any CPU.ActiveCfg = Release|Any CPU
		{1F68B8BD-D094-4DED-A6FC-6041C544F742}.Release|Any CPU.Build.0 = Release|Any CPU
		{A52B0BC6-D780-4C49-8FEF-0BC758FD6FB3}.Debug|Any CPU.ActiveCfg = Debug|Any CPU
		{A52B0BC6-D780-4C49-8FEF-0BC758FD6FB3}.Debug|Any CPU.Build.0 = Debug|Any CPU
		{A52B0BC6-D780-4C49-8FEF-0BC758FD6FB3}.Release|Any CPU.ActiveCfg = Release|Any CPU
		{A52B0BC6-D780-4C49-8FEF-0BC758FD6FB3}.Release|Any CPU.Build.0 = Release|Any CPU
		{DF188B02-A9FD-4354-B721-533397D8E944}.Debug|Any CPU.ActiveCfg = Debug|Any CPU
		{DF188B02-A9FD-4354-B721-533397D8E944}.Debug|Any CPU.Build.0 = Debug|Any CPU
		{DF188B02-A9FD-4354-B721-533397D8E944}.Release|Any CPU.ActiveCfg = Release|Any CPU
		{DF188B02-A9FD-4354-B721-533397D8E944}.Release|Any CPU.Build.0 = Release|Any CPU
		{CD420700-F339-4F01-81F8-E8AEBCF9EE43}.Debug|Any CPU.ActiveCfg = Debug|Any CPU
		{CD420700-F339-4F01-81F8-E8AEBCF9EE43}.Debug|Any CPU.Build.0 = Debug|Any CPU
		{CD420700-F339-4F01-81F8-E8AEBCF9EE43}.Release|Any CPU.ActiveCfg = Release|Any CPU
		{CD420700-F339-4F01-81F8-E8AEBCF9EE43}.Release|Any CPU.Build.0 = Release|Any CPU
		{C97EEBE6-C90B-4850-8265-B9E1B295C10D}.Debug|Any CPU.ActiveCfg = Debug|Any CPU
		{C97EEBE6-C90B-4850-8265-B9E1B295C10D}.Debug|Any CPU.Build.0 = Debug|Any CPU
		{C97EEBE6-C90B-4850-8265-B9E1B295C10D}.Release|Any CPU.ActiveCfg = Release|Any CPU
		{C97EEBE6-C90B-4850-8265-B9E1B295C10D}.Release|Any CPU.Build.0 = Release|Any CPU
		{826A7665-7359-41E9-A556-80BD67A538B8}.Debug|Any CPU.ActiveCfg = Debug|Any CPU
		{826A7665-7359-41E9-A556-80BD67A538B8}.Debug|Any CPU.Build.0 = Debug|Any CPU
		{826A7665-7359-41E9-A556-80BD67A538B8}.Release|Any CPU.ActiveCfg = Release|Any CPU
		{826A7665-7359-41E9-A556-80BD67A538B8}.Release|Any CPU.Build.0 = Release|Any CPU
		{8EFB4992-3A0E-4AA0-A782-9A23C933A0A8}.Debug|Any CPU.ActiveCfg = Debug|Any CPU
		{8EFB4992-3A0E-4AA0-A782-9A23C933A0A8}.Debug|Any CPU.Build.0 = Debug|Any CPU
		{8EFB4992-3A0E-4AA0-A782-9A23C933A0A8}.Release|Any CPU.ActiveCfg = Release|Any CPU
		{8EFB4992-3A0E-4AA0-A782-9A23C933A0A8}.Release|Any CPU.Build.0 = Release|Any CPU
		{06FFC763-AE73-4C05-977B-60DFCAA46A98}.Debug|Any CPU.ActiveCfg = Debug|Any CPU
		{06FFC763-AE73-4C05-977B-60DFCAA46A98}.Debug|Any CPU.Build.0 = Debug|Any CPU
		{06FFC763-AE73-4C05-977B-60DFCAA46A98}.Release|Any CPU.ActiveCfg = Release|Any CPU
		{06FFC763-AE73-4C05-977B-60DFCAA46A98}.Release|Any CPU.Build.0 = Release|Any CPU
		{2CAB33ED-A931-473D-9EA5-1192BA1AA52F}.Debug|Any CPU.ActiveCfg = Debug|Any CPU
		{2CAB33ED-A931-473D-9EA5-1192BA1AA52F}.Debug|Any CPU.Build.0 = Debug|Any CPU
		{2CAB33ED-A931-473D-9EA5-1192BA1AA52F}.Release|Any CPU.ActiveCfg = Release|Any CPU
		{2CAB33ED-A931-473D-9EA5-1192BA1AA52F}.Release|Any CPU.Build.0 = Release|Any CPU
		{D1DC028B-74F8-4F3A-983A-6DAA67EFFABC}.Debug|Any CPU.ActiveCfg = Debug|Any CPU
		{D1DC028B-74F8-4F3A-983A-6DAA67EFFABC}.Debug|Any CPU.Build.0 = Debug|Any CPU
		{D1DC028B-74F8-4F3A-983A-6DAA67EFFABC}.Release|Any CPU.ActiveCfg = Release|Any CPU
		{D1DC028B-74F8-4F3A-983A-6DAA67EFFABC}.Release|Any CPU.Build.0 = Release|Any CPU
		{47985310-E7F1-4FE0-BA79-72AE07B2F78D}.Debug|Any CPU.ActiveCfg = Debug|Any CPU
		{47985310-E7F1-4FE0-BA79-72AE07B2F78D}.Debug|Any CPU.Build.0 = Debug|Any CPU
		{47985310-E7F1-4FE0-BA79-72AE07B2F78D}.Release|Any CPU.ActiveCfg = Release|Any CPU
		{47985310-E7F1-4FE0-BA79-72AE07B2F78D}.Release|Any CPU.Build.0 = Release|Any CPU
		{55A3D76F-4CDD-4688-A0D4-EAC4393B9F05}.Debug|Any CPU.ActiveCfg = Debug|Any CPU
		{55A3D76F-4CDD-4688-A0D4-EAC4393B9F05}.Debug|Any CPU.Build.0 = Debug|Any CPU
		{55A3D76F-4CDD-4688-A0D4-EAC4393B9F05}.Release|Any CPU.ActiveCfg = Release|Any CPU
		{55A3D76F-4CDD-4688-A0D4-EAC4393B9F05}.Release|Any CPU.Build.0 = Release|Any CPU
		{6870AE66-FCDE-4B4A-B254-8E179BAD075F}.Debug|Any CPU.ActiveCfg = Debug|Any CPU
		{6870AE66-FCDE-4B4A-B254-8E179BAD075F}.Debug|Any CPU.Build.0 = Debug|Any CPU
		{6870AE66-FCDE-4B4A-B254-8E179BAD075F}.Release|Any CPU.ActiveCfg = Release|Any CPU
		{6870AE66-FCDE-4B4A-B254-8E179BAD075F}.Release|Any CPU.Build.0 = Release|Any CPU
		{0CC07CA3-385F-4AA8-8DE2-EA9FFE9DD6A0}.Debug|Any CPU.ActiveCfg = Debug|Any CPU
		{0CC07CA3-385F-4AA8-8DE2-EA9FFE9DD6A0}.Debug|Any CPU.Build.0 = Debug|Any CPU
		{0CC07CA3-385F-4AA8-8DE2-EA9FFE9DD6A0}.Release|Any CPU.ActiveCfg = Release|Any CPU
		{0CC07CA3-385F-4AA8-8DE2-EA9FFE9DD6A0}.Release|Any CPU.Build.0 = Release|Any CPU
	EndGlobalSection
EndGlobal
